
Microsoft Visual Studio Solution File, Format Version 12.00
# Visual Studio Version 16
VisualStudioVersion = 16.0.31025.194
MinimumVisualStudioVersion = 10.0.40219.1
Project("{9A19103F-16F7-4668-BE54-9A1E7A4F7556}") = "FileSystemStorageLibrary", "FileSystemStorageLibrary.csproj", "{B3524280-EB38-437F-B126-168D0BDED1B7}"
EndProject
Project("{9A19103F-16F7-4668-BE54-9A1E7A4F7556}") = "FileSystemStorageLibraryTests", "..\FileSystemStorageLibraryTests\FileSystemStorageLibraryTests.csproj", "{F29BC08C-DD8F-4C31-8697-34F8B52E5999}"
EndProject
Global
	GlobalSection(SolutionConfigurationPlatforms) = preSolution
		Debug|Any CPU = Debug|Any CPU
		Release|Any CPU = Release|Any CPU
	EndGlobalSection
	GlobalSection(ProjectConfigurationPlatforms) = postSolution
		{B3524280-EB38-437F-B126-168D0BDED1B7}.Debug|Any CPU.ActiveCfg = Debug|Any CPU
		{B3524280-EB38-437F-B126-168D0BDED1B7}.Debug|Any CPU.Build.0 = Debug|Any CPU
		{B3524280-EB38-437F-B126-168D0BDED1B7}.Release|Any CPU.ActiveCfg = Release|Any CPU
		{B3524280-EB38-437F-B126-168D0BDED1B7}.Release|Any CPU.Build.0 = Release|Any CPU
		{F29BC08C-DD8F-4C31-8697-34F8B52E5999}.Debug|Any CPU.ActiveCfg = Debug|Any CPU
		{F29BC08C-DD8F-4C31-8697-34F8B52E5999}.Debug|Any CPU.Build.0 = Debug|Any CPU
		{F29BC08C-DD8F-4C31-8697-34F8B52E5999}.Release|Any CPU.ActiveCfg = Release|Any CPU
		{F29BC08C-DD8F-4C31-8697-34F8B52E5999}.Release|Any CPU.Build.0 = Release|Any CPU
	EndGlobalSection
	GlobalSection(SolutionProperties) = preSolution
		HideSolutionNode = FALSE
	EndGlobalSection
	GlobalSection(ExtensibilityGlobals) = postSolution
		SolutionGuid = {58EE2061-F9BD-49B3-8E19-B2EC617DC773}
	EndGlobalSection
EndGlobal
